Microsoft Visual Studio Solution File, Format Version 11.00
# Visual Studio 2008

Project("{B18A1407-064E-5129-2425-7969817B588A}") = "DeadCityDeadMan", "Assembly-CSharp-vs.csproj", "{A3ECD924-1E37-FACF-FBEB-8C967A0754D4}"
EndProject
Project("{B18A1407-064E-5129-2425-7969817B588A}") = "DeadCityDeadMan", "Assembly-CSharp-Editor-vs.csproj", "{472F741A-F9F1-B4D6-561B-D7077A5D4337}"
EndProject
Global
	GlobalSection(SolutionConfigurationPlatforms) = preSolution
		Debug|Any CPU = Debug|Any CPU
		Release|Any CPU = Release|Any CPU
	EndGlobalSection
	GlobalSection(ProjectConfigurationPlatforms) = postSolution
		{A3ECD924-1E37-FACF-FBEB-8C967A0754D4}.Debug|Any CPU.ActiveCfg = Debug|Any CPU
		{A3ECD924-1E37-FACF-FBEB-8C967A0754D4}.Debug|Any CPU.Build.0 = Debug|Any CPU
		{A3ECD924-1E37-FACF-FBEB-8C967A0754D4}.Release|Any CPU.ActiveCfg = Release|Any CPU
		{A3ECD924-1E37-FACF-FBEB-8C967A0754D4}.Release|Any CPU.Build.0 = Release|Any CPU
		{472F741A-F9F1-B4D6-561B-D7077A5D4337}.Debug|Any CPU.ActiveCfg = Debug|Any CPU
		{472F741A-F9F1-B4D6-561B-D7077A5D4337}.Debug|Any CPU.Build.0 = Debug|Any CPU
		{472F741A-F9F1-B4D6-561B-D7077A5D4337}.Release|Any CPU.ActiveCfg = Release|Any CPU
		{472F741A-F9F1-B4D6-561B-D7077A5D4337}.Release|Any CPU.Build.0 = Release|Any CPU
	EndGlobalSection
	GlobalSection(SolutionProperties) = preSolution
		HideSolutionNode = FALSE
	EndGlobalSection
																																																																																																																																																																																																									GlobalSection(MonoDevelopProperties) = preSolution
		StartupItem = Assembly-CSharp.csproj
		Policies = $0
		$0.TextStylePolicy = $1
		$1.inheritsSet = null
		$1.scope = text/x-csharp
		$0.CSharpFormattingPolicy = $2
		$2.inheritsSet = Mono
		$2.inheritsScope = text/x-csharp
		$2.scope = text/x-csharp
		$0.TextStylePolicy = $3
		$3.FileWidth = 120
		$3.TabWidth = 4
		$3.EolMarker = Unix
		$3.inheritsSet = Mono
		$3.inheritsScope = text/plain
		$3.scope = text/plain
	EndGlobalSection

EndGlobal
